
Microsoft Visual Studio Solution File, Format Version 12.00
# Visual Studio Version 16
VisualStudioVersion = 16.0.29806.167
MinimumVisualStudioVersion = 10.0.40219.1
Project("{FAE04EC0-301F-11D3-BF4B-00C04F79EFBC}") = "PrimeEST", "PrimeEST\PrimeEST.csproj", "{1542E4E4-5731-4930-8F09-5D6CEE852B58}"
EndProject
Global
	GlobalSection(SolutionConfigurationPlatforms) = preSolution
		Debug|Any CPU = Debug|Any CPU
		Release|Any CPU = Release|Any CPU
	EndGlobalSection
	GlobalSection(ProjectConfigurationPlatforms) = postSolution
		{1542E4E4-5731-4930-8F09-5D6CEE852B58}.Debug|Any CPU.ActiveCfg = Debug|Any CPU
		{1542E4E4-5731-4930-8F09-5D6CEE852B58}.Debug|Any CPU.Build.0 = Debug|Any CPU
		{1542E4E4-5731-4930-8F09-5D6CEE852B58}.Release|Any CPU.ActiveCfg = Release|Any CPU
		{1542E4E4-5731-4930-8F09-5D6CEE852B58}.Release|Any CPU.Build.0 = Release|Any CPU
	EndGlobalSection
	GlobalSection(SolutionProperties) = preSolution
		HideSolutionNode = FALSE
	EndGlobalSection
	GlobalSection(ExtensibilityGlobals) = postSolution
		SolutionGuid = {DA6F6AB2-0697-4AA2-B00D-CF1E1A82B853}
	EndGlobalSection
EndGlobal
